
Microsoft Visual Studio Solution File, Format Version 12.00
# Visual Studio Version 17
VisualStudioVersion = 17.10.35013.160
MinimumVisualStudioVersion = 10.0.40219.1
Project("{9A19103F-16F7-4668-BE54-9A1E7A4F7556}") = "LL.API", "LL.API\LL.API.csproj", "{33446CA3-91BF-4530-A615-4F4A2333166F}"
EndProject
Project("{9A19103F-16F7-4668-BE54-9A1E7A4F7556}") = "LL.Core", "LL.Core\LL.Core.csproj", "{99F2B2C2-492B-473D-9531-785A2FD3B0DA}"
EndProject
Project("{54A90642-561A-4BB1-A94E-469ADEE60C69}") = "ll.webui", "ll.webui\ll.webui.esproj", "{1C1EB019-611D-4D9C-AFD3-947AC1EBA388}"
EndProject
Project("{9A19103F-16F7-4668-BE54-9A1E7A4F7556}") = "LL.Test", "LL.Test\LL.Test.csproj", "{B2CE3B87-2E75-48B2-AF34-C8F603953FAE}"
EndProject
Project("{FAE04EC0-301F-11D3-BF4B-00C04F79EFBC}") = "LL.CA", "LL.CA\LL.CA.csproj", "{83A72B64-B7A6-4EE0-8A4B-4B5EE527E948}"
EndProject
Project("{FAE04EC0-301F-11D3-BF4B-00C04F79EFBC}") = "LL.Resources", "LL.Resources\LL.Resources.csproj", "{62AB2EB1-892B-4BE2-8272-2C06CA38E2C8}"
EndProject
Global
	GlobalSection(SolutionConfigurationPlatforms) = preSolution
		Debug|Any CPU = Debug|Any CPU
		Release|Any CPU = Release|Any CPU
	EndGlobalSection
	GlobalSection(ProjectConfigurationPlatforms) = postSolution
		{33446CA3-91BF-4530-A615-4F4A2333166F}.Debug|Any CPU.ActiveCfg = Debug|Any CPU
		{33446CA3-91BF-4530-A615-4F4A2333166F}.Debug|Any CPU.Build.0 = Debug|Any CPU
		{33446CA3-91BF-4530-A615-4F4A2333166F}.Release|Any CPU.ActiveCfg = Release|Any CPU
		{33446CA3-91BF-4530-A615-4F4A2333166F}.Release|Any CPU.Build.0 = Release|Any CPU
		{99F2B2C2-492B-473D-9531-785A2FD3B0DA}.Debug|Any CPU.ActiveCfg = Debug|Any CPU
		{99F2B2C2-492B-473D-9531-785A2FD3B0DA}.Debug|Any CPU.Build.0 = Debug|Any CPU
		{99F2B2C2-492B-473D-9531-785A2FD3B0DA}.Release|Any CPU.ActiveCfg = Release|Any CPU
		{99F2B2C2-492B-473D-9531-785A2FD3B0DA}.Release|Any CPU.Build.0 = Release|Any CPU
		{1C1EB019-611D-4D9C-AFD3-947AC1EBA388}.Debug|Any CPU.ActiveCfg = Debug|Any CPU
		{1C1EB019-611D-4D9C-AFD3-947AC1EBA388}.Debug|Any CPU.Build.0 = Debug|Any CPU
		{1C1EB019-611D-4D9C-AFD3-947AC1EBA388}.Debug|Any CPU.Deploy.0 = Debug|Any CPU
		{1C1EB019-611D-4D9C-AFD3-947AC1EBA388}.Release|Any CPU.ActiveCfg = Release|Any CPU
		{1C1EB019-611D-4D9C-AFD3-947AC1EBA388}.Release|Any CPU.Build.0 = Release|Any CPU
		{1C1EB019-611D-4D9C-AFD3-947AC1EBA388}.Release|Any CPU.Deploy.0 = Release|Any CPU
		{B2CE3B87-2E75-48B2-AF34-C8F603953FAE}.Debug|Any CPU.ActiveCfg = Debug|Any CPU
		{B2CE3B87-2E75-48B2-AF34-C8F603953FAE}.Debug|Any CPU.Build.0 = Debug|Any CPU
		{B2CE3B87-2E75-48B2-AF34-C8F603953FAE}.Release|Any CPU.ActiveCfg = Release|Any CPU
		{B2CE3B87-2E75-48B2-AF34-C8F603953FAE}.Release|Any CPU.Build.0 = Release|Any CPU
		{83A72B64-B7A6-4EE0-8A4B-4B5EE527E948}.Debug|Any CPU.ActiveCfg = Debug|Any CPU
		{83A72B64-B7A6-4EE0-8A4B-4B5EE527E948}.Debug|Any CPU.Build.0 = Debug|Any CPU
		{83A72B64-B7A6-4EE0-8A4B-4B5EE527E948}.Release|Any CPU.ActiveCfg = Release|Any CPU
		{83A72B64-B7A6-4EE0-8A4B-4B5EE527E948}.Release|Any CPU.Build.0 = Release|Any CPU
		{62AB2EB1-892B-4BE2-8272-2C06CA38E2C8}.Debug|Any CPU.ActiveCfg = Debug|Any CPU
		{62AB2EB1-892B-4BE2-8272-2C06CA38E2C8}.Debug|Any CPU.Build.0 = Debug|Any CPU
		{62AB2EB1-892B-4BE2-8272-2C06CA38E2C8}.Release|Any CPU.ActiveCfg = Release|Any CPU
		{62AB2EB1-892B-4BE2-8272-2C06CA38E2C8}.Release|Any CPU.Build.0 = Release|Any CPU
	EndGlobalSection
	GlobalSection(SolutionProperties) = preSolution
		HideSolutionNode = FALSE
	EndGlobalSection
	GlobalSection(ExtensibilityGlobals) = postSolution
		SolutionGuid = {14F970AD-5EF0-4D76-8394-DF1F47642387}
	EndGlobalSection
EndGlobal
